// !$*UTF8*$!
{
	archiveVersion = 1;
	classes = {
	};
	objectVersion = 48;
	objects = {

/* Begin PBXBuildFile section */
		5F5B527EB273F8D44B28CAAC /* Pods_GIPHYTags.framework in Frameworks */ = {isa = PBXBuildFile; fileRef = 067EAB908B09DF1C4F80261F /* Pods_GIPHYTags.framework */; };
		632616D81F3CC85B0068F6A3 /* SelectorViewController.swift in Sources */ = {isa = PBXBuildFile; fileRef = 632616D71F3CC85B0068F6A3 /* SelectorViewController.swift */; };
		632616DA1F3CD0630068F6A3 /* SettingsViewController.swift in Sources */ = {isa = PBXBuildFile; fileRef = 632616D91F3CD0630068F6A3 /* SettingsViewController.swift */; };
		633693351F3C7EE500D8067F /* ImageViewWithAsynchLoader.swift in Sources */ = {isa = PBXBuildFile; fileRef = 633693341F3C7EE500D8067F /* ImageViewWithAsynchLoader.swift */; };
		634E6FA61F3CA314003905E8 /* ViewManager.swift in Sources */ = {isa = PBXBuildFile; fileRef = 634E6FA51F3CA314003905E8 /* ViewManager.swift */; };
		634E6FA81F3CA3F7003905E8 /* LeftImageTableViewCell.swift in Sources */ = {isa = PBXBuildFile; fileRef = 634E6FA71F3CA3F7003905E8 /* LeftImageTableViewCell.swift */; };
		635CA1341F3CA67A00AA2256 /* RightImageTableViewCell.swift in Sources */ = {isa = PBXBuildFile; fileRef = 635CA1331F3CA67A00AA2256 /* RightImageTableViewCell.swift */; };
		6368CE851F3C5AD500D84C81 /* DataManager.swift in Sources */ = {isa = PBXBuildFile; fileRef = 6368CE841F3C5AD500D84C81 /* DataManager.swift */; };
		638FD8B91F445279006A238D /* SelectableTableViewCell.swift in Sources */ = {isa = PBXBuildFile; fileRef = 638FD8B81F445279006A238D /* SelectableTableViewCell.swift */; };
		63A2E27C1F3C88A900F8B47B /* UserDefaultsManager.swift in Sources */ = {isa = PBXBuildFile; fileRef = 63A2E27B1F3C88A900F8B47B /* UserDefaultsManager.swift */; };
		63F94D6C1F386B4300CBED9F /* AppDelegate.swift in Sources */ = {isa = PBXBuildFile; fileRef = 63F94D6B1F386B4300CBED9F /* AppDelegate.swift */; };
		63F94D6E1F386B4300CBED9F /* MainViewController.swift in Sources */ = {isa = PBXBuildFile; fileRef = 63F94D6D1F386B4300CBED9F /* MainViewController.swift */; };
		63F94D711F386B4300CBED9F /* Main.storyboard in Resources */ = {isa = PBXBuildFile; fileRef = 63F94D6F1F386B4300CBED9F /* Main.storyboard */; };
		63F94D731F386B4300CBED9F /* Assets.xcassets in Resources */ = {isa = PBXBuildFile; fileRef = 63F94D721F386B4300CBED9F /* Assets.xcassets */; };
		63F94D761F386B4300CBED9F /* LaunchScreen.storyboard in Resources */ = {isa = PBXBuildFile; fileRef = 63F94D741F386B4300CBED9F /* LaunchScreen.storyboard */; };
		63F94D811F386B4400CBED9F /* GIPHYTagsTests.swift in Sources */ = {isa = PBXBuildFile; fileRef = 63F94D801F386B4400CBED9F /* GIPHYTagsTests.swift */; };
		63F94D8F1F386CB800CBED9F /* ImageModel.swift in Sources */ = {isa = PBXBuildFile; fileRef = 63F94D8E1F386CB800CBED9F /* ImageModel.swift */; };
		63F94D921F386EAF00CBED9F /* URLSessionDataTask.swift in Sources */ = {isa = PBXBuildFile; fileRef = 63F94D911F386EAF00CBED9F /* URLSessionDataTask.swift */; };
		63F94D941F386F4600CBED9F /* JSONNetworkService.swift in Sources */ = {isa = PBXBuildFile; fileRef = 63F94D931F386F4600CBED9F /* JSONNetworkService.swift */; };
		63F94D961F38949800CBED9F /* ImageDataSource.swift in Sources */ = {isa = PBXBuildFile; fileRef = 63F94D951F38949700CBED9F /* ImageDataSource.swift */; };
		BCC6402C5E4251C4C031BD62 /* Pods_GIPHYTagsTests.framework in Frameworks */ = {isa = PBXBuildFile; fileRef = 59B15ECFDB20E9C87A00ECB0 /* Pods_GIPHYTagsTests.framework */; };
/* End PBXBuildFile section */

/* Begin PBXContainerItemProxy section */
		63F94D7D1F386B4300CBED9F /* PBXContainerItemProxy */ = {
			isa = PBXContainerItemProxy;
			containerPortal = 63F94D601F386B4300CBED9F /* Project object */;
			proxyType = 1;
			remoteGlobalIDString = 63F94D671F386B4300CBED9F;
			remoteInfo = GIPHYTags;
		};
/* End PBXContainerItemProxy section */

/* Begin PBXFileReference section */
		067EAB908B09DF1C4F80261F /* Pods_GIPHYTags.framework */ = {isa = PBXFileReference; explicitFileType = wrapper.framework; includeInIndex = 0; path = Pods_GIPHYTags.framework; sourceTree = BUILT_PRODUCTS_DIR; };
		3F7C74FF73299C79FD915D94 /* Pods-GIPHYTagsTests.release.xcconfig */ = {isa = PBXFileReference; includeInIndex = 1; lastKnownFileType = text.xcconfig; name = "Pods-GIPHYTagsTests.release.xcconfig"; path = "Pods/Target Support Files/Pods-GIPHYTagsTests/Pods-GIPHYTagsTests.release.xcconfig"; sourceTree = "<group>"; };
		59B15ECFDB20E9C87A00ECB0 /* Pods_GIPHYTagsTests.framework */ = {isa = PBXFileReference; explicitFileType = wrapper.framework; includeInIndex = 0; path = Pods_GIPHYTagsTests.framework; sourceTree = BUILT_PRODUCTS_DIR; };
		632616D71F3CC85B0068F6A3 /* SelectorViewController.swift */ = {isa = PBXFileReference; lastKnownFileType = sourcecode.swift; path = SelectorViewController.swift; sourceTree = "<group>"; };
		632616D91F3CD0630068F6A3 /* SettingsViewController.swift */ = {isa = PBXFileReference; lastKnownFileType = sourcecode.swift; path = SettingsViewController.swift; sourceTree = "<group>"; };
		633693341F3C7EE500D8067F /* ImageViewWithAsynchLoader.swift */ = {isa = PBXFileReference; lastKnownFileType = sourcecode.swift; path = ImageViewWithAsynchLoader.swift; sourceTree = "<group>"; };
		634E6FA51F3CA314003905E8 /* ViewManager.swift */ = {isa = PBXFileReference; lastKnownFileType = sourcecode.swift; path = ViewManager.swift; sourceTree = "<group>"; };
		634E6FA71F3CA3F7003905E8 /* LeftImageTableViewCell.swift */ = {isa = PBXFileReference; lastKnownFileType = sourcecode.swift; path = LeftImageTableViewCell.swift; sourceTree = "<group>"; };
		635CA1331F3CA67A00AA2256 /* RightImageTableViewCell.swift */ = {isa = PBXFileReference; lastKnownFileType = sourcecode.swift; path = RightImageTableViewCell.swift; sourceTree = "<group>"; };
		6368CE841F3C5AD500D84C81 /* DataManager.swift */ = {isa = PBXFileReference; lastKnownFileType = sourcecode.swift; path = DataManager.swift; sourceTree = "<group>"; };
		638FD8B81F445279006A238D /* SelectableTableViewCell.swift */ = {isa = PBXFileReference; lastKnownFileType = sourcecode.swift; path = SelectableTableViewCell.swift; sourceTree = "<group>"; };
		63A2E27B1F3C88A900F8B47B /* UserDefaultsManager.swift */ = {isa = PBXFileReference; lastKnownFileType = sourcecode.swift; path = UserDefaultsManager.swift; sourceTree = "<group>"; };
		63F94D681F386B4300CBED9F /* GIPHYTags.app */ = {isa = PBXFileReference; explicitFileType = wrapper.application; includeInIndex = 0; path = GIPHYTags.app; sourceTree = BUILT_PRODUCTS_DIR; };
		63F94D6B1F386B4300CBED9F /* AppDelegate.swift */ = {isa = PBXFileReference; lastKnownFileType = sourcecode.swift; path = AppDelegate.swift; sourceTree = "<group>"; };
		63F94D6D1F386B4300CBED9F /* MainViewController.swift */ = {isa = PBXFileReference; lastKnownFileType = sourcecode.swift; path = MainViewController.swift; sourceTree = "<group>"; };
		63F94D701F386B4300CBED9F /* Base */ = {isa = PBXFileReference; lastKnownFileType = file.storyboard; name = Base; path = Base.lproj/Main.storyboard; sourceTree = "<group>"; };
		63F94D721F386B4300CBED9F /* Assets.xcassets */ = {isa = PBXFileReference; lastKnownFileType = folder.assetcatalog; path = Assets.xcassets; sourceTree = "<group>"; };
		63F94D751F386B4300CBED9F /* Base */ = {isa = PBXFileReference; lastKnownFileType = file.storyboard; name = Base; path = Base.lproj/LaunchScreen.storyboard; sourceTree = "<group>"; };
		63F94D771F386B4300CBED9F /* Info.plist */ = {isa = PBXFileReference; lastKnownFileType = text.plist.xml; path = Info.plist; sourceTree = "<group>"; };
		63F94D7C1F386B4300CBED9F /* GIPHYTagsTests.xctest */ = {isa = PBXFileReference; explicitFileType = wrapper.cfbundle; includeInIndex = 0; path = GIPHYTagsTests.xctest; sourceTree = BUILT_PRODUCTS_DIR; };
		63F94D801F386B4400CBED9F /* GIPHYTagsTests.swift */ = {isa = PBXFileReference; lastKnownFileType = sourcecode.swift; path = GIPHYTagsTests.swift; sourceTree = "<group>"; };
		63F94D821F386B4400CBED9F /* Info.plist */ = {isa = PBXFileReference; lastKnownFileType = text.plist.xml; path = Info.plist; sourceTree = "<group>"; };
		63F94D8E1F386CB800CBED9F /* ImageModel.swift */ = {isa = PBXFileReference; lastKnownFileType = sourcecode.swift; path = ImageModel.swift; sourceTree = "<group>"; };
		63F94D911F386EAF00CBED9F /* URLSessionDataTask.swift */ = {isa = PBXFileReference; lastKnownFileType = sourcecode.swift; path = URLSessionDataTask.swift; sourceTree = "<group>"; };
		63F94D931F386F4600CBED9F /* JSONNetworkService.swift */ = {isa = PBXFileReference; lastKnownFileType = sourcecode.swift; path = JSONNetworkService.swift; sourceTree = "<group>"; };
		63F94D951F38949700CBED9F /* ImageDataSource.swift */ = {isa = PBXFileReference; lastKnownFileType = sourcecode.swift; path = ImageDataSource.swift; sourceTree = "<group>"; };
		7BA400D51C2B65A64257137E /* Pods-GIPHYTags.debug.xcconfig */ = {isa = PBXFileReference; includeInIndex = 1; lastKnownFileType = text.xcconfig; name = "Pods-GIPHYTags.debug.xcconfig"; path = "Pods/Target Support Files/Pods-GIPHYTags/Pods-GIPHYTags.debug.xcconfig"; sourceTree = "<group>"; };
		ACD5B54DCAE2BE2AA732A8DD /* Pods-GIPHYTags.release.xcconfig */ = {isa = PBXFileReference; includeInIndex = 1; lastKnownFileType = text.xcconfig; name = "Pods-GIPHYTags.release.xcconfig"; path = "Pods/Target Support Files/Pods-GIPHYTags/Pods-GIPHYTags.release.xcconfig"; sourceTree = "<group>"; };
		C565E374D7373A87FC823061 /* Pods-GIPHYTagsTests.debug.xcconfig */ = {isa = PBXFileReference; includeInIndex = 1; lastKnownFileType = text.xcconfig; name = "Pods-GIPHYTagsTests.debug.xcconfig"; path = "Pods/Target Support Files/Pods-GIPHYTagsTests/Pods-GIPHYTagsTests.debug.xcconfig"; sourceTree = "<group>"; };
/* End PBXFileReference section */

/* Begin PBXFrameworksBuildPhase section */
		63F94D651F386B4300CBED9F /* Frameworks */ = {
			isa = PBXFrameworksBuildPhase;
			buildActionMask = 2147483647;
			files = (
				5F5B527EB273F8D44B28CAAC /* Pods_GIPHYTags.framework in Frameworks */,
			);
			runOnlyForDeploymentPostprocessing = 0;
		};
		63F94D791F386B4300CBED9F /* Frameworks */ = {
			isa = PBXFrameworksBuildPhase;
			buildActionMask = 2147483647;
			files = (
				BCC6402C5E4251C4C031BD62 /* Pods_GIPHYTagsTests.framework in Frameworks */,
			);
			runOnlyForDeploymentPostprocessing = 0;
		};
/* End PBXFrameworksBuildPhase section */

/* Begin PBXGroup section */
		4CFFD19E7F9910B8A370DF37 /* Frameworks */ = {
			isa = PBXGroup;
			children = (
				067EAB908B09DF1C4F80261F /* Pods_GIPHYTags.framework */,
				59B15ECFDB20E9C87A00ECB0 /* Pods_GIPHYTagsTests.framework */,
			);
			name = Frameworks;
			sourceTree = "<group>";
		};
		592562505CB27026E2A8A744 /* Pods */ = {
			isa = PBXGroup;
			children = (
				7BA400D51C2B65A64257137E /* Pods-GIPHYTags.debug.xcconfig */,
				ACD5B54DCAE2BE2AA732A8DD /* Pods-GIPHYTags.release.xcconfig */,
				C565E374D7373A87FC823061 /* Pods-GIPHYTagsTests.debug.xcconfig */,
				3F7C74FF73299C79FD915D94 /* Pods-GIPHYTagsTests.release.xcconfig */,
			);
			name = Pods;
			sourceTree = "<group>";
		};
		633693331F3C7EA600D8067F /* Views */ = {
			isa = PBXGroup;
			children = (
				633693341F3C7EE500D8067F /* ImageViewWithAsynchLoader.swift */,
				634E6FA71F3CA3F7003905E8 /* LeftImageTableViewCell.swift */,
				635CA1331F3CA67A00AA2256 /* RightImageTableViewCell.swift */,
				638FD8B81F445279006A238D /* SelectableTableViewCell.swift */,
			);
			path = Views;
			sourceTree = "<group>";
		};
		6368CE831F3C5AAA00D84C81 /* Managers */ = {
			isa = PBXGroup;
			children = (
				6368CE841F3C5AD500D84C81 /* DataManager.swift */,
				63A2E27B1F3C88A900F8B47B /* UserDefaultsManager.swift */,
				634E6FA51F3CA314003905E8 /* ViewManager.swift */,
			);
			path = Managers;
			sourceTree = "<group>";
		};
		63F94D5F1F386B4300CBED9F = {
			isa = PBXGroup;
			children = (
				63F94D6A1F386B4300CBED9F /* GIPHYTags */,
				63F94D7F1F386B4300CBED9F /* GIPHYTagsTests */,
				63F94D691F386B4300CBED9F /* Products */,
				592562505CB27026E2A8A744 /* Pods */,
				4CFFD19E7F9910B8A370DF37 /* Frameworks */,
			);
			sourceTree = "<group>";
		};
		63F94D691F386B4300CBED9F /* Products */ = {
			isa = PBXGroup;
			children = (
				63F94D681F386B4300CBED9F /* GIPHYTags.app */,
				63F94D7C1F386B4300CBED9F /* GIPHYTagsTests.xctest */,
			);
			name = Products;
			sourceTree = "<group>";
		};
		63F94D6A1F386B4300CBED9F /* GIPHYTags */ = {
			isa = PBXGroup;
			children = (
				63F94D8D1F386C8900CBED9F /* DataModel */,
				6368CE831F3C5AAA00D84C81 /* Managers */,
				63F94D901F386E9000CBED9F /* Networking */,
				63F94D8C1F386C3A00CBED9F /* ViewControllers */,
				633693331F3C7EA600D8067F /* Views */,
				63F94D8B1F386BE400CBED9F /* Supporting Files */,
			);
			path = GIPHYTags;
			sourceTree = "<group>";
		};
		63F94D7F1F386B4300CBED9F /* GIPHYTagsTests */ = {
			isa = PBXGroup;
			children = (
				63F94D801F386B4400CBED9F /* GIPHYTagsTests.swift */,
				63F94D821F386B4400CBED9F /* Info.plist */,
			);
			path = GIPHYTagsTests;
			sourceTree = "<group>";
		};
		63F94D8B1F386BE400CBED9F /* Supporting Files */ = {
			isa = PBXGroup;
			children = (
				63F94D6B1F386B4300CBED9F /* AppDelegate.swift */,
				63F94D6F1F386B4300CBED9F /* Main.storyboard */,
				63F94D721F386B4300CBED9F /* Assets.xcassets */,
				63F94D741F386B4300CBED9F /* LaunchScreen.storyboard */,
				63F94D771F386B4300CBED9F /* Info.plist */,
			);
			path = "Supporting Files";
			sourceTree = "<group>";
		};
		63F94D8C1F386C3A00CBED9F /* ViewControllers */ = {
			isa = PBXGroup;
			children = (
				63F94D6D1F386B4300CBED9F /* MainViewController.swift */,
				632616D71F3CC85B0068F6A3 /* SelectorViewController.swift */,
				632616D91F3CD0630068F6A3 /* SettingsViewController.swift */,
			);
			path = ViewControllers;
			sourceTree = "<group>";
		};
		63F94D8D1F386C8900CBED9F /* DataModel */ = {
			isa = PBXGroup;
			children = (
				63F94D8E1F386CB800CBED9F /* ImageModel.swift */,
				63F94D951F38949700CBED9F /* ImageDataSource.swift */,
			);
			path = DataModel;
			sourceTree = "<group>";
		};
		63F94D901F386E9000CBED9F /* Networking */ = {
			isa = PBXGroup;
			children = (
				63F94D931F386F4600CBED9F /* JSONNetworkService.swift */,
				63F94D911F386EAF00CBED9F /* URLSessionDataTask.swift */,
			);
			path = Networking;
			sourceTree = "<group>";
		};
/* End PBXGroup section */

/* Begin PBXNativeTarget section */
		63F94D671F386B4300CBED9F /* GIPHYTags */ = {
			isa = PBXNativeTarget;
			buildConfigurationList = 63F94D851F386B4400CBED9F /* Build configuration list for PBXNativeTarget "GIPHYTags" */;
			buildPhases = (
				2FFF92757CE2CEBC133D4DB5 /* [CP] Check Pods Manifest.lock */,
				63F94D641F386B4300CBED9F /* Sources */,
				63F94D651F386B4300CBED9F /* Frameworks */,
				63F94D661F386B4300CBED9F /* Resources */,
				9A504CF7DE8C9C3DFE4FD28E /* [CP] Embed Pods Frameworks */,
				9EE5AAB061F7537BCA5DB58D /* [CP] Copy Pods Resources */,
			);
			buildRules = (
			);
			dependencies = (
			);
			name = GIPHYTags;
			productName = GIPHYTags;
			productReference = 63F94D681F386B4300CBED9F /* GIPHYTags.app */;
			productType = "com.apple.product-type.application";
		};
		63F94D7B1F386B4300CBED9F /* GIPHYTagsTests */ = {
			isa = PBXNativeTarget;
			buildConfigurationList = 63F94D881F386B4400CBED9F /* Build configuration list for PBXNativeTarget "GIPHYTagsTests" */;
			buildPhases = (
				01DC98218A9D29EBE7ED7AC6 /* [CP] Check Pods Manifest.lock */,
				63F94D781F386B4300CBED9F /* Sources */,
				63F94D791F386B4300CBED9F /* Frameworks */,
				63F94D7A1F386B4300CBED9F /* Resources */,
				CAE7467B76F5FDB4A9E08422 /* [CP] Embed Pods Frameworks */,
				94C6A86E42B99775C0E7CD9A /* [CP] Copy Pods Resources */,
			);
			buildRules = (
			);
			dependencies = (
				63F94D7E1F386B4300CBED9F /* PBXTargetDependency */,
			);
			name = GIPHYTagsTests;
			productName = GIPHYTagsTests;
			productReference = 63F94D7C1F386B4300CBED9F /* GIPHYTagsTests.xctest */;
			productType = "com.apple.product-type.bundle.unit-test";
		};
/* End PBXNativeTarget section */

/* Begin PBXProject section */
		63F94D601F386B4300CBED9F /* Project object */ = {
			isa = PBXProject;
			attributes = {
				LastSwiftUpdateCheck = 0900;
				LastUpgradeCheck = 0900;
				ORGANIZATIONNAME = "Stellar Software Pty Ltd";
				TargetAttributes = {
					63F94D671F386B4300CBED9F = {
						CreatedOnToolsVersion = 9.0;
					};
					63F94D7B1F386B4300CBED9F = {
						CreatedOnToolsVersion = 9.0;
						TestTargetID = 63F94D671F386B4300CBED9F;
					};
				};
			};
			buildConfigurationList = 63F94D631F386B4300CBED9F /* Build configuration list for PBXProject "GIPHYTags" */;
			compatibilityVersion = "Xcode 8.0";
			developmentRegion = en;
			hasScannedForEncodings = 0;
			knownRegions = (
				en,
				Base,
			);
			mainGroup = 63F94D5F1F386B4300CBED9F;
			productRefGroup = 63F94D691F386B4300CBED9F /* Products */;
			projectDirPath = "";
			projectRoot = "";
			targets = (
				63F94D671F386B4300CBED9F /* GIPHYTags */,
				63F94D7B1F386B4300CBED9F /* GIPHYTagsTests */,
			);
		};
/* End PBXProject section */

/* Begin PBXResourcesBuildPhase section */
		63F94D661F386B4300CBED9F /* Resources */ = {
			isa = PBXResourcesBuildPhase;
			buildActionMask = 2147483647;
			files = (
				63F94D761F386B4300CBED9F /* LaunchScreen.storyboard in Resources */,
				63F94D731F386B4300CBED9F /* Assets.xcassets in Resources */,
				63F94D711F386B4300CBED9F /* Main.storyboard in Resources */,
			);
			runOnlyForDeploymentPostprocessing = 0;
		};
		63F94D7A1F386B4300CBED9F /* Resources */ = {
			isa = PBXResourcesBuildPhase;
			buildActionMask = 2147483647;
			files = (
			);
			runOnlyForDeploymentPostprocessing = 0;
		};
/* End PBXResourcesBuildPhase section */

/* Begin PBXShellScriptBuildPhase section */
		01DC98218A9D29EBE7ED7AC6 /* [CP] Check Pods Manifest.lock */ = {
			isa = PBXShellScriptBuildPhase;
			buildActionMask = 2147483647;
			files = (
			);
			inputPaths = (
			);
			name = "[CP] Check Pods Manifest.lock";
			outputPaths = (
			);
			runOnlyForDeploymentPostprocessing = 0;
			shellPath = /bin/sh;
			shellScript = "diff \"${PODS_ROOT}/../Podfile.lock\" \"${PODS_ROOT}/Manifest.lock\" > /dev/null\nif [ $? != 0 ] ; then\n    # print error to STDERR\n    echo \"error: The sandbox is not in sync with the Podfile.lock. Run 'pod install' or update your CocoaPods installation.\" >&2\n    exit 1\nfi\n";
			showEnvVarsInLog = 0;
		};
		2FFF92757CE2CEBC133D4DB5 /* [CP] Check Pods Manifest.lock */ = {
			isa = PBXShellScriptBuildPhase;
			buildActionMask = 2147483647;
			files = (
			);
			inputPaths = (
			);
			name = "[CP] Check Pods Manifest.lock";
			outputPaths = (
			);
			runOnlyForDeploymentPostprocessing = 0;
			shellPath = /bin/sh;
			shellScript = "diff \"${PODS_ROOT}/../Podfile.lock\" \"${PODS_ROOT}/Manifest.lock\" > /dev/null\nif [ $? != 0 ] ; then\n    # print error to STDERR\n    echo \"error: The sandbox is not in sync with the Podfile.lock. Run 'pod install' or update your CocoaPods installation.\" >&2\n    exit 1\nfi\n";
			showEnvVarsInLog = 0;
		};
		94C6A86E42B99775C0E7CD9A /* [CP] Copy Pods Resources */ = {
			isa = PBXShellScriptBuildPhase;
			buildActionMask = 2147483647;
			files = (
			);
			inputPaths = (
			);
			name = "[CP] Copy Pods Resources";
			outputPaths = (
			);
			runOnlyForDeploymentPostprocessing = 0;
			shellPath = /bin/sh;
			shellScript = "\"${SRCROOT}/Pods/Target Support Files/Pods-GIPHYTagsTests/Pods-GIPHYTagsTests-resources.sh\"\n";
			showEnvVarsInLog = 0;
		};
		9A504CF7DE8C9C3DFE4FD28E /* [CP] Embed Pods Frameworks */ = {
			isa = PBXShellScriptBuildPhase;
			buildActionMask = 2147483647;
			files = (
			);
			inputPaths = (
			);
			name = "[CP] Embed Pods Frameworks";
			outputPaths = (
			);
			runOnlyForDeploymentPostprocessing = 0;
			shellPath = /bin/sh;
			shellScript = "\"${SRCROOT}/Pods/Target Support Files/Pods-GIPHYTags/Pods-GIPHYTags-frameworks.sh\"\n";
			showEnvVarsInLog = 0;
		};
		9EE5AAB061F7537BCA5DB58D /* [CP] Copy Pods Resources */ = {
			isa = PBXShellScriptBuildPhase;
			buildActionMask = 2147483647;
			files = (
			);
			inputPaths = (
			);
			name = "[CP] Copy Pods Resources";
			outputPaths = (
			);
			runOnlyForDeploymentPostprocessing = 0;
			shellPath = /bin/sh;
			shellScript = "\"${SRCROOT}/Pods/Target Support Files/Pods-GIPHYTags/Pods-GIPHYTags-resources.sh\"\n";
			showEnvVarsInLog = 0;
		};
		CAE7467B76F5FDB4A9E08422 /* [CP] Embed Pods Frameworks */ = {
			isa = PBXShellScriptBuildPhase;
			buildActionMask = 2147483647;
			files = (
			);
			inputPaths = (
			);
			name = "[CP] Embed Pods Frameworks";
			outputPaths = (
			);
			runOnlyForDeploymentPostprocessing = 0;
			shellPath = /bin/sh;
			shellScript = "\"${SRCROOT}/Pods/Target Support Files/Pods-GIPHYTagsTests/Pods-GIPHYTagsTests-frameworks.sh\"\n";
			showEnvVarsInLog = 0;
		};
/* End PBXShellScriptBuildPhase section */

/* Begin PBXSourcesBuildPhase section */
		63F94D641F386B4300CBED9F /* Sources */ = {
			isa = PBXSourcesBuildPhase;
			buildActionMask = 2147483647;
			files = (
				63F94D961F38949800CBED9F /* ImageDataSource.swift in Sources */,
				633693351F3C7EE500D8067F /* ImageViewWithAsynchLoader.swift in Sources */,
				634E6FA61F3CA314003905E8 /* ViewManager.swift in Sources */,
				634E6FA81F3CA3F7003905E8 /* LeftImageTableViewCell.swift in Sources */,
				638FD8B91F445279006A238D /* SelectableTableViewCell.swift in Sources */,
				63F94D6E1F386B4300CBED9F /* MainViewController.swift in Sources */,
				63F94D941F386F4600CBED9F /* JSONNetworkService.swift in Sources */,
				6368CE851F3C5AD500D84C81 /* DataManager.swift in Sources */,
				63A2E27C1F3C88A900F8B47B /* UserDefaultsManager.swift in Sources */,
				632616D81F3CC85B0068F6A3 /* SelectorViewController.swift in Sources */,
				632616DA1F3CD0630068F6A3 /* SettingsViewController.swift in Sources */,
				635CA1341F3CA67A00AA2256 /* RightImageTableViewCell.swift in Sources */,
				63F94D8F1F386CB800CBED9F /* ImageModel.swift in Sources */,
				63F94D6C1F386B4300CBED9F /* AppDelegate.swift in Sources */,
				63F94D921F386EAF00CBED9F /* URLSessionDataTask.swift in Sources */,
			);
			runOnlyForDeploymentPostprocessing = 0;
		};
		63F94D781F386B4300CBED9F /* Sources */ = {
			isa = PBXSourcesBuildPhase;
			buildActionMask = 2147483647;
			files = (
				63F94D811F386B4400CBED9F /* GIPHYTagsTests.swift in Sources */,
			);
			runOnlyForDeploymentPostprocessing = 0;
		};
/* End PBXSourcesBuildPhase section */

/* Begin PBXTargetDependency section */
		63F94D7E1F386B4300CBED9F /* PBXTargetDependency */ = {
			isa = PBXTargetDependency;
			target = 63F94D671F386B4300CBED9F /* GIPHYTags */;
			targetProxy = 63F94D7D1F386B4300CBED9F /* PBXContainerItemProxy */;
		};
/* End PBXTargetDependency section */

/* Begin PBXVariantGroup section */
		63F94D6F1F386B4300CBED9F /* Main.storyboard */ = {
			isa = PBXVariantGroup;
			children = (
				63F94D701F386B4300CBED9F /* Base */,
			);
			name = Main.storyboard;
			sourceTree = "<group>";
		};
		63F94D741F386B4300CBED9F /* LaunchScreen.storyboard */ = {
			isa = PBXVariantGroup;
			children = (
				63F94D751F386B4300CBED9F /* Base */,
			);
			name = LaunchScreen.storyboard;
			sourceTree = "<group>";
		};
/* End PBXVariantGroup section */

/* Begin XCBuildConfiguration section */
		63F94D831F386B4400CBED9F /* Debug */ = {
			isa = XCBuildConfiguration;
			buildSettings = {
				ALWAYS_SEARCH_USER_PATHS = NO;
				CLANG_ANALYZER_NONNULL = YES;
				CLANG_ANALYZER_NUMBER_OBJECT_CONVERSION = YES_AGGRESSIVE;
				CLANG_CXX_LANGUAGE_STANDARD = "gnu++14";
				CLANG_CXX_LIBRARY = "libc++";
				CLANG_ENABLE_MODULES = YES;
				CLANG_ENABLE_OBJC_ARC = YES;
				CLANG_WARN_BLOCK_CAPTURE_AUTORELEASING = YES;
				CLANG_WARN_BOOL_CONVERSION = YES;
				CLANG_WARN_COMMA = YES;
				CLANG_WARN_CONSTANT_CONVERSION = YES;
				CLANG_WARN_DIRECT_OBJC_ISA_USAGE = YES_ERROR;
				CLANG_WARN_DOCUMENTATION_COMMENTS = YES;
				CLANG_WARN_EMPTY_BODY = YES;
				CLANG_WARN_ENUM_CONVERSION = YES;
				CLANG_WARN_INFINITE_RECURSION = YES;
				CLANG_WARN_INT_CONVERSION = YES;
				CLANG_WARN_NON_LITERAL_NULL_CONVERSION = YES;
				CLANG_WARN_OBJC_LITERAL_CONVERSION = YES;
				CLANG_WARN_OBJC_ROOT_CLASS = YES_ERROR;
				CLANG_WARN_RANGE_LOOP_ANALYSIS = YES;
				CLANG_WARN_STRICT_PROTOTYPES = YES;
				CLANG_WARN_SUSPICIOUS_MOVE = YES;
				CLANG_WARN_UNGUARDED_AVAILABILITY = YES_AGGRESSIVE;
				CLANG_WARN_UNREACHABLE_CODE = YES;
				CLANG_WARN__DUPLICATE_METHOD_MATCH = YES;
				CODE_SIGN_IDENTITY = "iPhone Developer";
				COPY_PHASE_STRIP = NO;
				DEBUG_INFORMATION_FORMAT = dwarf;
				ENABLE_STRICT_OBJC_MSGSEND = YES;
				ENABLE_TESTABILITY = YES;
				GCC_C_LANGUAGE_STANDARD = gnu11;
				GCC_DYNAMIC_NO_PIC = NO;
				GCC_NO_COMMON_BLOCKS = YES;
				GCC_OPTIMIZATION_LEVEL = 0;
				GCC_PREPROCESSOR_DEFINITIONS = (
					"DEBUG=1",
					"$(inherited)",
				);
				GCC_WARN_64_TO_32_BIT_CONVERSION = YES;
				GCC_WARN_ABOUT_RETURN_TYPE = YES_ERROR;
				GCC_WARN_UNDECLARED_SELECTOR = YES;
				GCC_WARN_UNINITIALIZED_AUTOS = YES_AGGRESSIVE;
				GCC_WARN_UNUSED_FUNCTION = YES;
				GCC_WARN_UNUSED_VARIABLE = YES;
				IPHONEOS_DEPLOYMENT_TARGET = 11.0;
				MTL_ENABLE_DEBUG_INFO = YES;
				ONLY_ACTIVE_ARCH = YES;
				SDKROOT = iphoneos;
				SWIFT_ACTIVE_COMPILATION_CONDITIONS = DEBUG;
				SWIFT_OPTIMIZATION_LEVEL = "-Onone";
			};
			name = Debug;
		};
		63F94D841F386B4400CBED9F /* Release */ = {
			isa = XCBuildConfiguration;
			buildSettings = {
				ALWAYS_SEARCH_USER_PATHS = NO;
				CLANG_ANALYZER_NONNULL = YES;
				CLANG_ANALYZER_NUMBER_OBJECT_CONVERSION = YES_AGGRESSIVE;
				CLANG_CXX_LANGUAGE_STANDARD = "gnu++14";
				CLANG_CXX_LIBRARY = "libc++";
				CLANG_ENABLE_MODULES = YES;
				CLANG_ENABLE_OBJC_ARC = YES;
				CLANG_WARN_BLOCK_CAPTURE_AUTORELEASING = YES;
				CLANG_WARN_BOOL_CONVERSION = YES;
				CLANG_WARN_COMMA = YES;
				CLANG_WARN_CONSTANT_CONVERSION = YES;
				CLANG_WARN_DIRECT_OBJC_ISA_USAGE = YES_ERROR;
				CLANG_WARN_DOCUMENTATION_COMMENTS = YES;
				CLANG_WARN_EMPTY_BODY = YES;
				CLANG_WARN_ENUM_CONVERSION = YES;
				CLANG_WARN_INFINITE_RECURSION = YES;
				CLANG_WARN_INT_CONVERSION = YES;
				CLANG_WARN_NON_LITERAL_NULL_CONVERSION = YES;
				CLANG_WARN_OBJC_LITERAL_CONVERSION = YES;
				CLANG_WARN_OBJC_ROOT_CLASS = YES_ERROR;
				CLANG_WARN_RANGE_LOOP_ANALYSIS = YES;
				CLANG_WARN_STRICT_PROTOTYPES = YES;
				CLANG_WARN_SUSPICIOUS_MOVE = YES;
				CLANG_WARN_UNGUARDED_AVAILABILITY = YES_AGGRESSIVE;
				CLANG_WARN_UNREACHABLE_CODE = YES;
				CLANG_WARN__DUPLICATE_METHOD_MATCH = YES;
				CODE_SIGN_IDENTITY = "iPhone Developer";
				COPY_PHASE_STRIP = NO;
				DEBUG_INFORMATION_FORMAT = "dwarf-with-dsym";
				ENABLE_NS_ASSERTIONS = NO;
				ENABLE_STRICT_OBJC_MSGSEND = YES;
				GCC_C_LANGUAGE_STANDARD = gnu11;
				GCC_NO_COMMON_BLOCKS = YES;
				GCC_WARN_64_TO_32_BIT_CONVERSION = YES;
				GCC_WARN_ABOUT_RETURN_TYPE = YES_ERROR;
				GCC_WARN_UNDECLARED_SELECTOR = YES;
				GCC_WARN_UNINITIALIZED_AUTOS = YES_AGGRESSIVE;
				GCC_WARN_UNUSED_FUNCTION = YES;
				GCC_WARN_UNUSED_VARIABLE = YES;
				IPHONEOS_DEPLOYMENT_TARGET = 11.0;
				MTL_ENABLE_DEBUG_INFO = NO;
				SDKROOT = iphoneos;
				SWIFT_OPTIMIZATION_LEVEL = "-Owholemodule";
				VALIDATE_PRODUCT = YES;
			};
			name = Release;
		};
		63F94D861F386B4400CBED9F /* Debug */ = {
			isa = XCBuildConfiguration;
			baseConfigurationReference = 7BA400D51C2B65A64257137E /* Pods-GIPHYTags.debug.xcconfig */;
			buildSettings = {
				ASSETCATALOG_COMPILER_APPICON_NAME = AppIcon;
				DEVELOPMENT_TEAM = A2SGEM86LX;
				INFOPLIST_FILE = "$(SRCROOT)/GIPHYTags/Supporting Files/Info.plist";
				IPHONEOS_DEPLOYMENT_TARGET = 11.0;
				LD_RUNPATH_SEARCH_PATHS = "$(inherited) @executable_path/Frameworks";
				PRODUCT_BUNDLE_IDENTIFIER = com.StellarSoftware.GIPHYTags;
				PRODUCT_NAME = "$(TARGET_NAME)";
				SWIFT_VERSION = 4.0;
				TARGETED_DEVICE_FAMILY = "1,2";
			};
			name = Debug;
		};
		63F94D871F386B4400CBED9F /* Release */ = {
			isa = XCBuildConfiguration;
			baseConfigurationReference = ACD5B54DCAE2BE2AA732A8DD /* Pods-GIPHYTags.release.xcconfig */;
			buildSettings = {
				ASSETCATALOG_COMPILER_APPICON_NAME = AppIcon;
				DEVELOPMENT_TEAM = A2SGEM86LX;
				INFOPLIST_FILE = "$(SRCROOT)/GIPHYTags/Supporting Files/Info.plist";
				IPHONEOS_DEPLOYMENT_TARGET = 11.0;
				LD_RUNPATH_SEARCH_PATHS = "$(inherited) @executable_path/Frameworks";
				PRODUCT_BUNDLE_IDENTIFIER = com.StellarSoftware.GIPHYTags;
				PRODUCT_NAME = "$(TARGET_NAME)";
				SWIFT_VERSION = 4.0;
				TARGETED_DEVICE_FAMILY = "1,2";
			};
			name = Release;
		};
		63F94D891F386B4400CBED9F /* Debug */ = {
			isa = XCBuildConfiguration;
			baseConfigurationReference = C565E374D7373A87FC823061 /* Pods-GIPHYTagsTests.debug.xcconfig */;
			buildSettings = {
				ALWAYS_EMBED_SWIFT_STANDARD_LIBRARIES = YES;
				BUNDLE_LOADER = "$(TEST_HOST)";
				INFOPLIST_FILE = GIPHYTagsTests/Info.plist;
				LD_RUNPATH_SEARCH_PATHS = "$(inherited) @executable_path/Frameworks @loader_path/Frameworks";
				PRODUCT_BUNDLE_IDENTIFIER = com.StellarSoftware.GIPHYTagsTests;
				PRODUCT_NAME = "$(TARGET_NAME)";
				SWIFT_VERSION = 4.0;
				TARGETED_DEVICE_FAMILY = "1,2";
				TEST_HOST = "$(BUILT_PRODUCTS_DIR)/GIPHYTags.app/GIPHYTags";
			};
			name = Debug;
		};
		63F94D8A1F386B4400CBED9F /* Release */ = {
			isa = XCBuildConfiguration;
			baseConfigurationReference = 3F7C74FF73299C79FD915D94 /* Pods-GIPHYTagsTests.release.xcconfig */;
			buildSettings = {
				ALWAYS_EMBED_SWIFT_STANDARD_LIBRARIES = YES;
				BUNDLE_LOADER = "$(TEST_HOST)";
				INFOPLIST_FILE = GIPHYTagsTests/Info.plist;
				LD_RUNPATH_SEARCH_PATHS = "$(inherited) @executable_path/Frameworks @loader_path/Frameworks";
				PRODUCT_BUNDLE_IDENTIFIER = com.StellarSoftware.GIPHYTagsTests;
				PRODUCT_NAME = "$(TARGET_NAME)";
				SWIFT_VERSION = 4.0;
				TARGETED_DEVICE_FAMILY = "1,2";
				TEST_HOST = "$(BUILT_PRODUCTS_DIR)/GIPHYTags.app/GIPHYTags";
			};
			name = Release;
		};
/* End XCBuildConfiguration section */

/* Begin XCConfigurationList section */
		63F94D631F386B4300CBED9F /* Build configuration list for PBXProject "GIPHYTags" */ = {
			isa = XCConfigurationList;
			buildConfigurations = (
				63F94D831F386B4400CBED9F /* Debug */,
				63F94D841F386B4400CBED9F /* Release */,
			);
			defaultConfigurationIsVisible = 0;
			defaultConfigurationName = Release;
		};
		63F94D851F386B4400CBED9F /* Build configuration list for PBXNativeTarget "GIPHYTags" */ = {
			isa = XCConfigurationList;
			buildConfigurations = (
				63F94D861F386B4400CBED9F /* Debug */,
				63F94D871F386B4400CBED9F /* Release */,
			);
			defaultConfigurationIsVisible = 0;
			defaultConfigurationName = Release;
		};
		63F94D881F386B4400CBED9F /* Build configuration list for PBXNativeTarget "GIPHYTagsTests" */ = {
			isa = XCConfigurationList;
			buildConfigurations = (
				63F94D891F386B4400CBED9F /* Debug */,
				63F94D8A1F386B4400CBED9F /* Release */,
			);
			defaultConfigurationIsVisible = 0;
			defaultConfigurationName = Release;
		};
/* End XCConfigurationList section */
	};
	rootObject = 63F94D601F386B4300CBED9F /* Project object */;
}
